
Microsoft Visual Studio Solution File, Format Version 12.00
# Visual Studio Version 17
VisualStudioVersion = 17.7.34018.315
MinimumVisualStudioVersion = 10.0.40219.1
Project("{FAE04EC0-301F-11D3-BF4B-00C04F79EFBC}") = "TARpe22ShopTahk", "TARpe22ShopTahk.csproj", "{64A54691-9998-412A-80F8-79830068A081}"
EndProject
Global
	GlobalSection(SolutionConfigurationPlatforms) = preSolution
		Debug|Any CPU = Debug|Any CPU
		Release|Any CPU = Release|Any CPU
	EndGlobalSection
	GlobalSection(ProjectConfigurationPlatforms) = postSolution
		{64A54691-9998-412A-80F8-79830068A081}.Debug|Any CPU.ActiveCfg = Debug|Any CPU
		{64A54691-9998-412A-80F8-79830068A081}.Debug|Any CPU.Build.0 = Debug|Any CPU
		{64A54691-9998-412A-80F8-79830068A081}.Release|Any CPU.ActiveCfg = Release|Any CPU
		{64A54691-9998-412A-80F8-79830068A081}.Release|Any CPU.Build.0 = Release|Any CPU
	EndGlobalSection
	GlobalSection(SolutionProperties) = preSolution
		HideSolutionNode = FALSE
	EndGlobalSection
	GlobalSection(ExtensibilityGlobals) = postSolution
		SolutionGuid = {F11DB4B1-026F-446F-AF97-77DBD4906949}
	EndGlobalSection
EndGlobal
